# THIS IS AN AUTOGENERATED FILE. DO NOT EDIT THIS FILE DIRECTLY.
# yarn lockfile v1


bcryptjs@^2.4.3:
  version "2.4.3"
  resolved "https://registry.yarnpkg.com/bcryptjs/-/bcryptjs-2.4.3.tgz#9ab5627b93e60621ff7cdac5da9733027df1d0cb"
  integrity sha1-mrVie5PmBiH/fNrF2pczAn3x0Ms=

graphql.js@^0.6.6:
  version "0.6.6"
  resolved "https://registry.yarnpkg.com/graphql.js/-/graphql.js-0.6.6.tgz#ed61ce9c2bd22893054ec32b00577393b889f0ff"
  integrity sha512-JPp3GlZBzr/xNxv2goT8bn54MjVENYEF8AyRoPCxAWyXEeRMGpo3IfK19trSlBJNYXpMcGO4sVh3olcO9iM7Bg==
